
Microsoft Visual Studio Solution File, Format Version 12.00
# Visual Studio Version 17
VisualStudioVersion = 17.14.36121.58 d17.14
MinimumVisualStudioVersion = 10.0.40219.1
Project("{FAE04EC0-301F-11D3-BF4B-00C04F79EFBC}") = "OrganizationProfile", "OrganizationProfile\OrganizationProfile.csproj", "{B996CE3B-26CE-4B01-8402-7B3EF244C832}"
EndProject
Global
	GlobalSection(SolutionConfigurationPlatforms) = preSolution
		Debug|Any CPU = Debug|Any CPU
		Release|Any CPU = Release|Any CPU
	EndGlobalSection
	GlobalSection(ProjectConfigurationPlatforms) = postSolution
		{B996CE3B-26CE-4B01-8402-7B3EF244C832}.Debug|Any CPU.ActiveCfg = Debug|Any CPU
		{B996CE3B-26CE-4B01-8402-7B3EF244C832}.Debug|Any CPU.Build.0 = Debug|Any CPU
		{B996CE3B-26CE-4B01-8402-7B3EF244C832}.Release|Any CPU.ActiveCfg = Release|Any CPU
		{B996CE3B-26CE-4B01-8402-7B3EF244C832}.Release|Any CPU.Build.0 = Release|Any CPU
	EndGlobalSection
	GlobalSection(SolutionProperties) = preSolution
		HideSolutionNode = FALSE
	EndGlobalSection
	GlobalSection(ExtensibilityGlobals) = postSolution
		SolutionGuid = {D9566D26-8FF6-479A-8F07-477F3CDFC18C}
	EndGlobalSection
EndGlobal
